
Microsoft Visual Studio Solution File, Format Version 12.00
# Visual Studio Version 17
VisualStudioVersion = 17.10.34928.147
MinimumVisualStudioVersion = 10.0.40219.1
Project("{FAE04EC0-301F-11D3-BF4B-00C04F79EFBC}") = "Leetcode#8", "Leetcode#8\Leetcode#8.csproj", "{874B25DE-307D-4E48-A9AE-63F9F420A605}"
EndProject
Global
	GlobalSection(SolutionConfigurationPlatforms) = preSolution
		Debug|Any CPU = Debug|Any CPU
		Release|Any CPU = Release|Any CPU
	EndGlobalSection
	GlobalSection(ProjectConfigurationPlatforms) = postSolution
		{874B25DE-307D-4E48-A9AE-63F9F420A605}.Debug|Any CPU.ActiveCfg = Debug|Any CPU
		{874B25DE-307D-4E48-A9AE-63F9F420A605}.Debug|Any CPU.Build.0 = Debug|Any CPU
		{874B25DE-307D-4E48-A9AE-63F9F420A605}.Release|Any CPU.ActiveCfg = Release|Any CPU
		{874B25DE-307D-4E48-A9AE-63F9F420A605}.Release|Any CPU.Build.0 = Release|Any CPU
	EndGlobalSection
	GlobalSection(SolutionProperties) = preSolution
		HideSolutionNode = FALSE
	EndGlobalSection
	GlobalSection(ExtensibilityGlobals) = postSolution
		SolutionGuid = {E2C1AEEE-DF46-4FC8-8344-0C6972E4E2BF}
	EndGlobalSection
EndGlobal
